
Microsoft Visual Studio Solution File, Format Version 12.00
# Visual Studio Version 17
VisualStudioVersion = 17.5.33424.131
MinimumVisualStudioVersion = 10.0.40219.1
Project("{FAE04EC0-301F-11D3-BF4B-00C04F79EFBC}") = "WebAppMVC.Unit32", "WebAppMVC.Unit32\WebAppMVC.Unit32.csproj", "{C280B3D2-ECEB-40E7-B4E8-006C5D470243}"
EndProject
Global
	GlobalSection(SolutionConfigurationPlatforms) = preSolution
		Debug|Any CPU = Debug|Any CPU
		Release|Any CPU = Release|Any CPU
	EndGlobalSection
	GlobalSection(ProjectConfigurationPlatforms) = postSolution
		{C280B3D2-ECEB-40E7-B4E8-006C5D470243}.Debug|Any CPU.ActiveCfg = Debug|Any CPU
		{C280B3D2-ECEB-40E7-B4E8-006C5D470243}.Debug|Any CPU.Build.0 = Debug|Any CPU
		{C280B3D2-ECEB-40E7-B4E8-006C5D470243}.Release|Any CPU.ActiveCfg = Release|Any CPU
		{C280B3D2-ECEB-40E7-B4E8-006C5D470243}.Release|Any CPU.Build.0 = Release|Any CPU
	EndGlobalSection
	GlobalSection(SolutionProperties) = preSolution
		HideSolutionNode = FALSE
	EndGlobalSection
	GlobalSection(ExtensibilityGlobals) = postSolution
		SolutionGuid = {7A3E8D46-9032-4BD0-8D57-1B81A8679886}
	EndGlobalSection
EndGlobal
